{
  "name": "chat2edit",
  "lockfileVersion": 3,
  "requires": true,
  "packages": {
    "": {
      "dependencies": {
        "fabricjs": "^1.0.0"
      }
    },
    "node_modules/fabricjs": {
      "version": "1.0.0",
      "resolved": "https://registry.npmjs.org/fabricjs/-/fabricjs-1.0.0.tgz",
      "integrity": "sha512-yrGBr1bfm+yfrygbyVAJW51tWUv36J8+gEpC66aJVdSyGRrmzNcVsYUp3nma8sEdCZjIsWxyMX2vgXrkcOBW7A=="
    }
  }
}
